
Microsoft Visual Studio Solution File, Format Version 12.00
# Visual Studio Version 16
VisualStudioVersion = 16.0.31129.286
MinimumVisualStudioVersion = 10.0.40219.1
Project("{2150E333-8FDC-42A3-9474-1A3956D46DE8}") = "src", "src", "{C90BC848-DC4F-45A1-9E6D-EBBBC1C6C859}"
EndProject
Project("{9A19103F-16F7-4668-BE54-9A1E7A4F7556}") = "LocadoraDeVeiculos.Controladores", "LocadoraDeVeiculos.Controladores\LocadoraDeVeiculos.Controladores.csproj", "{C0CA9D0A-9EDB-41D2-AFC0-F27ABE5E84E7}"
EndProject
Project("{9A19103F-16F7-4668-BE54-9A1E7A4F7556}") = "LocadoraDeVeiculos.Tests", "LocadoraDeVeiculos.Tests\LocadoraDeVeiculos.Tests.csproj", "{9228AF4C-C57C-4903-BEEC-7A7A68C52602}"
EndProject
Project("{2150E333-8FDC-42A3-9474-1A3956D46DE8}") = "testes", "testes", "{0B6E14EC-C6E7-4A2F-B221-2E4F321992E4}"
EndProject
Project("{9A19103F-16F7-4668-BE54-9A1E7A4F7556}") = "LocadoraDeVeiculos.WindowsApp", "LocadoraDeVeiculos.WindowsApp\LocadoraDeVeiculos.WindowsApp.csproj", "{66D0C03F-7909-4347-8FC7-D44C961EA3F7}"
EndProject
Project("{00D1A9C2-B5F0-4AF3-8072-F6C62B433612}") = "LocadoraDeVeiculos.DB", "LocadoraDeVeiculos.DB\LocadoraDeVeiculos.DB.sqlproj", "{6645A77B-2A33-437F-BDFF-12A7E2452220}"
EndProject
Project("{9A19103F-16F7-4668-BE54-9A1E7A4F7556}") = "LocadoraDeVeiculos.Servicos", "LocadoraDeVeiculos.Servicos\LocadoraDeVeiculos.Servicos.csproj", "{52BFCF8B-CA1D-468D-8450-BEFBC59BEFE1}"
EndProject
Project("{9A19103F-16F7-4668-BE54-9A1E7A4F7556}") = "LocadoraDeVeiculos.Configuracoes", "LocadoraDeVeiculos.Configuracoes\LocadoraDeVeiculos.Configuracoes.csproj", "{2FBE5DB6-163C-4DD8-95E0-6560EFDF1564}"
EndProject
Project("{FAE04EC0-301F-11D3-BF4B-00C04F79EFBC}") = "LocadoraDeVeiculos.Dominio", "LocadoraDeVeiculos.Dominio\LocadoraDeVeiculos.Dominio.csproj", "{73253C05-A50C-489B-BD0A-1190D18B7E61}"
EndProject
Global
	GlobalSection(SolutionConfigurationPlatforms) = preSolution
		Debug|Any CPU = Debug|Any CPU
		Release|Any CPU = Release|Any CPU
	EndGlobalSection
	GlobalSection(ProjectConfigurationPlatforms) = postSolution
		{C0CA9D0A-9EDB-41D2-AFC0-F27ABE5E84E7}.Debug|Any CPU.ActiveCfg = Debug|Any CPU
		{C0CA9D0A-9EDB-41D2-AFC0-F27ABE5E84E7}.Debug|Any CPU.Build.0 = Debug|Any CPU
		{C0CA9D0A-9EDB-41D2-AFC0-F27ABE5E84E7}.Release|Any CPU.ActiveCfg = Release|Any CPU
		{C0CA9D0A-9EDB-41D2-AFC0-F27ABE5E84E7}.Release|Any CPU.Build.0 = Release|Any CPU
		{9228AF4C-C57C-4903-BEEC-7A7A68C52602}.Debug|Any CPU.ActiveCfg = Debug|Any CPU
		{9228AF4C-C57C-4903-BEEC-7A7A68C52602}.Debug|Any CPU.Build.0 = Debug|Any CPU
		{9228AF4C-C57C-4903-BEEC-7A7A68C52602}.Release|Any CPU.ActiveCfg = Release|Any CPU
		{9228AF4C-C57C-4903-BEEC-7A7A68C52602}.Release|Any CPU.Build.0 = Release|Any CPU
		{66D0C03F-7909-4347-8FC7-D44C961EA3F7}.Debug|Any CPU.ActiveCfg = Debug|Any CPU
		{66D0C03F-7909-4347-8FC7-D44C961EA3F7}.Debug|Any CPU.Build.0 = Debug|Any CPU
		{66D0C03F-7909-4347-8FC7-D44C961EA3F7}.Release|Any CPU.ActiveCfg = Release|Any CPU
		{66D0C03F-7909-4347-8FC7-D44C961EA3F7}.Release|Any CPU.Build.0 = Release|Any CPU
		{6645A77B-2A33-437F-BDFF-12A7E2452220}.Debug|Any CPU.ActiveCfg = Debug|Any CPU
		{6645A77B-2A33-437F-BDFF-12A7E2452220}.Debug|Any CPU.Build.0 = Debug|Any CPU
		{6645A77B-2A33-437F-BDFF-12A7E2452220}.Debug|Any CPU.Deploy.0 = Debug|Any CPU
		{6645A77B-2A33-437F-BDFF-12A7E2452220}.Release|Any CPU.ActiveCfg = Release|Any CPU
		{6645A77B-2A33-437F-BDFF-12A7E2452220}.Release|Any CPU.Build.0 = Release|Any CPU
		{6645A77B-2A33-437F-BDFF-12A7E2452220}.Release|Any CPU.Deploy.0 = Release|Any CPU
		{52BFCF8B-CA1D-468D-8450-BEFBC59BEFE1}.Debug|Any CPU.ActiveCfg = Debug|Any CPU
		{52BFCF8B-CA1D-468D-8450-BEFBC59BEFE1}.Debug|Any CPU.Build.0 = Debug|Any CPU
		{52BFCF8B-CA1D-468D-8450-BEFBC59BEFE1}.Release|Any CPU.ActiveCfg = Release|Any CPU
		{52BFCF8B-CA1D-468D-8450-BEFBC59BEFE1}.Release|Any CPU.Build.0 = Release|Any CPU
		{F893AEF5-3E17-45CC-9268-4FEB54925ED2}.Debug|Any CPU.ActiveCfg = Debug|Any CPU
		{F893AEF5-3E17-45CC-9268-4FEB54925ED2}.Debug|Any CPU.Build.0 = Debug|Any CPU
		{F893AEF5-3E17-45CC-9268-4FEB54925ED2}.Release|Any CPU.ActiveCfg = Release|Any CPU
		{F893AEF5-3E17-45CC-9268-4FEB54925ED2}.Release|Any CPU.Build.0 = Release|Any CPU
		{73253C05-A50C-489B-BD0A-1190D18B7E61}.Debug|Any CPU.ActiveCfg = Debug|Any CPU
		{73253C05-A50C-489B-BD0A-1190D18B7E61}.Debug|Any CPU.Build.0 = Debug|Any CPU
		{73253C05-A50C-489B-BD0A-1190D18B7E61}.Release|Any CPU.ActiveCfg = Release|Any CPU
		{73253C05-A50C-489B-BD0A-1190D18B7E61}.Release|Any CPU.Build.0 = Release|Any CPU
	EndGlobalSection
	GlobalSection(SolutionProperties) = preSolution
		HideSolutionNode = FALSE
	EndGlobalSection
	GlobalSection(NestedProjects) = preSolution
		{C0CA9D0A-9EDB-41D2-AFC0-F27ABE5E84E7} = {C90BC848-DC4F-45A1-9E6D-EBBBC1C6C859}
		{9228AF4C-C57C-4903-BEEC-7A7A68C52602} = {0B6E14EC-C6E7-4A2F-B221-2E4F321992E4}
		{66D0C03F-7909-4347-8FC7-D44C961EA3F7} = {C90BC848-DC4F-45A1-9E6D-EBBBC1C6C859}
		{6645A77B-2A33-437F-BDFF-12A7E2452220} = {C90BC848-DC4F-45A1-9E6D-EBBBC1C6C859}
		{52BFCF8B-CA1D-468D-8450-BEFBC59BEFE1} = {C90BC848-DC4F-45A1-9E6D-EBBBC1C6C859}
		{F893AEF5-3E17-45CC-9268-4FEB54925ED2} = {C90BC848-DC4F-45A1-9E6D-EBBBC1C6C859}
		{73253C05-A50C-489B-BD0A-1190D18B7E61} = {C90BC848-DC4F-45A1-9E6D-EBBBC1C6C859}
	EndGlobalSection
	GlobalSection(ExtensibilityGlobals) = postSolution
		SolutionGuid = {538C4B65-C2C0-4534-8747-0B006E3B7EF1}
	EndGlobalSection
EndGlobal
