
Microsoft Visual Studio Solution File, Format Version 12.00
# Visual Studio Version 16
VisualStudioVersion = 16.0.31129.286
MinimumVisualStudioVersion = 10.0.40219.1
Project("{2150E333-8FDC-42A3-9474-1A3956D46DE8}") = "src", "src", "{C90BC848-DC4F-45A1-9E6D-EBBBC1C6C859}"
EndProject
Project("{9A19103F-16F7-4668-BE54-9A1E7A4F7556}") = "LocadoraDeVeiculos.Tests", "LocadoraDeVeiculos.Tests\LocadoraDeVeiculos.Tests.csproj", "{B0ADD1B9-4269-47CF-B885-D75F4EA446DB}"
EndProject
Project("{2150E333-8FDC-42A3-9474-1A3956D46DE8}") = "testes", "testes", "{0B6E14EC-C6E7-4A2F-B221-2E4F321992E4}"
EndProject
Project("{9A19103F-16F7-4668-BE54-9A1E7A4F7556}") = "LocadoraDeVeiculos.WindowsApp", "LocadoraDeVeiculos.WindowsApp\LocadoraDeVeiculos.WindowsApp.csproj", "{66D0C03F-7909-4347-8FC7-D44C961EA3F7}"
EndProject
Project("{00D1A9C2-B5F0-4AF3-8072-F6C62B433612}") = "LocadoraDeVeiculos.DB", "LocadoraDeVeiculos.DB\LocadoraDeVeiculos.DB.sqlproj", "{6645A77B-2A33-437F-BDFF-12A7E2452220}"
EndProject
Project("{9A19103F-16F7-4668-BE54-9A1E7A4F7556}") = "LocadoraDeVeiculos.Configuracoes", "LocadoraDeVeiculos.Configuracoes\LocadoraDeVeiculos.Configuracoes.csproj", "{12F59CD5-527F-4927-B9BD-DC8E91A14269}"
EndProject
Project("{9A19103F-16F7-4668-BE54-9A1E7A4F7556}") = "LocadoraDeVeiculos.Servicos", "LocadoraDeVeiculos.Servicos\LocadoraDeVeiculos.Servicos.csproj", "{52BFCF8B-CA1D-468D-8450-BEFBC59BEFE1}"
EndProject
Project("{9A19103F-16F7-4668-BE54-9A1E7A4F7556}") = "LocadoraDeVeiculos.Dominio", "LocadoraDeVeiculos.Dominio\LocadoraDeVeiculos.Dominio.csproj", "{88C65592-BD1C-4FF2-AE32-37C3F434EDB1}"
EndProject
Project("{9A19103F-16F7-4668-BE54-9A1E7A4F7556}") = "LocadoraDeVeiculos.Controladores", "LocadoraDeVeiculos.Controladores\LocadoraDeVeiculos.Controladores.csproj", "{88A4467A-1232-4CEE-9ED0-8EE93CCB76E1}"
EndProject
Global
	GlobalSection(SolutionConfigurationPlatforms) = preSolution
		Debug|Any CPU = Debug|Any CPU
		Release|Any CPU = Release|Any CPU
	EndGlobalSection
	GlobalSection(ProjectConfigurationPlatforms) = postSolution
		{B0ADD1B9-4269-47CF-B885-D75F4EA446DB}.Debug|Any CPU.ActiveCfg = Debug|Any CPU
		{B0ADD1B9-4269-47CF-B885-D75F4EA446DB}.Debug|Any CPU.Build.0 = Debug|Any CPU
		{B0ADD1B9-4269-47CF-B885-D75F4EA446DB}.Release|Any CPU.ActiveCfg = Release|Any CPU
		{B0ADD1B9-4269-47CF-B885-D75F4EA446DB}.Release|Any CPU.Build.0 = Release|Any CPU
		{66D0C03F-7909-4347-8FC7-D44C961EA3F7}.Debug|Any CPU.ActiveCfg = Debug|Any CPU
		{66D0C03F-7909-4347-8FC7-D44C961EA3F7}.Debug|Any CPU.Build.0 = Debug|Any CPU
		{66D0C03F-7909-4347-8FC7-D44C961EA3F7}.Release|Any CPU.ActiveCfg = Release|Any CPU
		{66D0C03F-7909-4347-8FC7-D44C961EA3F7}.Release|Any CPU.Build.0 = Release|Any CPU
		{6645A77B-2A33-437F-BDFF-12A7E2452220}.Debug|Any CPU.ActiveCfg = Debug|Any CPU
		{6645A77B-2A33-437F-BDFF-12A7E2452220}.Debug|Any CPU.Build.0 = Debug|Any CPU
		{6645A77B-2A33-437F-BDFF-12A7E2452220}.Debug|Any CPU.Deploy.0 = Debug|Any CPU
		{6645A77B-2A33-437F-BDFF-12A7E2452220}.Release|Any CPU.ActiveCfg = Release|Any CPU
		{6645A77B-2A33-437F-BDFF-12A7E2452220}.Release|Any CPU.Build.0 = Release|Any CPU
		{6645A77B-2A33-437F-BDFF-12A7E2452220}.Release|Any CPU.Deploy.0 = Release|Any CPU
		{12F59CD5-527F-4927-B9BD-DC8E91A14269}.Debug|Any CPU.ActiveCfg = Debug|Any CPU
		{12F59CD5-527F-4927-B9BD-DC8E91A14269}.Debug|Any CPU.Build.0 = Debug|Any CPU
		{12F59CD5-527F-4927-B9BD-DC8E91A14269}.Release|Any CPU.ActiveCfg = Release|Any CPU
		{12F59CD5-527F-4927-B9BD-DC8E91A14269}.Release|Any CPU.Build.0 = Release|Any CPU
		{52BFCF8B-CA1D-468D-8450-BEFBC59BEFE1}.Debug|Any CPU.ActiveCfg = Debug|Any CPU
		{52BFCF8B-CA1D-468D-8450-BEFBC59BEFE1}.Debug|Any CPU.Build.0 = Debug|Any CPU
		{52BFCF8B-CA1D-468D-8450-BEFBC59BEFE1}.Release|Any CPU.ActiveCfg = Release|Any CPU
		{52BFCF8B-CA1D-468D-8450-BEFBC59BEFE1}.Release|Any CPU.Build.0 = Release|Any CPU
		{88C65592-BD1C-4FF2-AE32-37C3F434EDB1}.Debug|Any CPU.ActiveCfg = Debug|Any CPU
		{88C65592-BD1C-4FF2-AE32-37C3F434EDB1}.Debug|Any CPU.Build.0 = Debug|Any CPU
		{88C65592-BD1C-4FF2-AE32-37C3F434EDB1}.Release|Any CPU.ActiveCfg = Release|Any CPU
		{88C65592-BD1C-4FF2-AE32-37C3F434EDB1}.Release|Any CPU.Build.0 = Release|Any CPU
		{88A4467A-1232-4CEE-9ED0-8EE93CCB76E1}.Debug|Any CPU.ActiveCfg = Debug|Any CPU
		{88A4467A-1232-4CEE-9ED0-8EE93CCB76E1}.Debug|Any CPU.Build.0 = Debug|Any CPU
		{88A4467A-1232-4CEE-9ED0-8EE93CCB76E1}.Release|Any CPU.ActiveCfg = Release|Any CPU
		{88A4467A-1232-4CEE-9ED0-8EE93CCB76E1}.Release|Any CPU.Build.0 = Release|Any CPU
	EndGlobalSection
	GlobalSection(SolutionProperties) = preSolution
		HideSolutionNode = FALSE
	EndGlobalSection
	GlobalSection(NestedProjects) = preSolution
		{66D0C03F-7909-4347-8FC7-D44C961EA3F7} = {C90BC848-DC4F-45A1-9E6D-EBBBC1C6C859}
		{6645A77B-2A33-437F-BDFF-12A7E2452220} = {C90BC848-DC4F-45A1-9E6D-EBBBC1C6C859}
		{12F59CD5-527F-4927-B9BD-DC8E91A14269} = {C90BC848-DC4F-45A1-9E6D-EBBBC1C6C859}
		{52BFCF8B-CA1D-468D-8450-BEFBC59BEFE1} = {C90BC848-DC4F-45A1-9E6D-EBBBC1C6C859}
		{88C65592-BD1C-4FF2-AE32-37C3F434EDB1} = {C90BC848-DC4F-45A1-9E6D-EBBBC1C6C859}
		{88A4467A-1232-4CEE-9ED0-8EE93CCB76E1} = {C90BC848-DC4F-45A1-9E6D-EBBBC1C6C859}
	EndGlobalSection
	GlobalSection(ExtensibilityGlobals) = postSolution
		SolutionGuid = {538C4B65-C2C0-4534-8747-0B006E3B7EF1}
	EndGlobalSection
EndGlobal
