
Microsoft Visual Studio Solution File, Format Version 12.00
# Visual Studio Version 16
VisualStudioVersion = 16.0.31129.286
MinimumVisualStudioVersion = 10.0.40219.1
Project("{2150E333-8FDC-42A3-9474-1A3956D46DE8}") = "src", "src", "{C90BC848-DC4F-45A1-9E6D-EBBBC1C6C859}"
EndProject
Project("{9A19103F-16F7-4668-BE54-9A1E7A4F7556}") = "LocadoraDeVeiculos.Tests", "LocadoraDeVeiculos.Tests\LocadoraDeVeiculos.Tests.csproj", "{B0ADD1B9-4269-47CF-B885-D75F4EA446DB}"
EndProject
Project("{2150E333-8FDC-42A3-9474-1A3956D46DE8}") = "testes", "testes", "{0B6E14EC-C6E7-4A2F-B221-2E4F321992E4}"
EndProject
Project("{9A19103F-16F7-4668-BE54-9A1E7A4F7556}") = "LocadoraDeVeiculos.WindowsApp", "LocadoraDeVeiculos.WindowsApp\LocadoraDeVeiculos.WindowsApp.csproj", "{66D0C03F-7909-4347-8FC7-D44C961EA3F7}"
EndProject
Project("{00D1A9C2-B5F0-4AF3-8072-F6C62B433612}") = "LocadoraDeVeiculos.DB", "LocadoraDeVeiculos.DB\LocadoraDeVeiculos.DB.sqlproj", "{6645A77B-2A33-437F-BDFF-12A7E2452220}"
EndProject
Project("{9A19103F-16F7-4668-BE54-9A1E7A4F7556}") = "LocadoraDeVeiculos.Configuracoes", "LocadoraDeVeiculos.Configuracoes\LocadoraDeVeiculos.Configuracoes.csproj", "{12F59CD5-527F-4927-B9BD-DC8E91A14269}"
EndProject
Project("{9A19103F-16F7-4668-BE54-9A1E7A4F7556}") = "LocadoraDeVeiculos.Servicos", "LocadoraDeVeiculos.Servicos\LocadoraDeVeiculos.Servicos.csproj", "{52BFCF8B-CA1D-468D-8450-BEFBC59BEFE1}"
EndProject
Project("{9A19103F-16F7-4668-BE54-9A1E7A4F7556}") = "LocadoraDeVeiculos.Dominio", "LocadoraDeVeiculos.Dominio\LocadoraDeVeiculos.Dominio.csproj", "{88C65592-BD1C-4FF2-AE32-37C3F434EDB1}"
EndProject
Project("{9A19103F-16F7-4668-BE54-9A1E7A4F7556}") = "LocadoraDeVeiculos.Controladores", "LocadoraDeVeiculos.Controladores\LocadoraDeVeiculos.Controladores.csproj", "{88A4467A-1232-4CEE-9ED0-8EE93CCB76E1}"
EndProject
Project("{2150E333-8FDC-42A3-9474-1A3956D46DE8}") = "1.Domínio", "1.Domínio", "{431E4BAE-D38B-4990-B29C-02D6E7967F7D}"
EndProject
Project("{2150E333-8FDC-42A3-9474-1A3956D46DE8}") = "2.Infraestrutura", "2.Infraestrutura", "{BD366EFA-0366-4691-A8C1-606FE1D3AD80}"
EndProject
Project("{2150E333-8FDC-42A3-9474-1A3956D46DE8}") = "3.Aplicação", "3.Aplicação", "{4D8ED3DD-2506-4CFA-BBAD-11276508C281}"
EndProject
Project("{2150E333-8FDC-42A3-9474-1A3956D46DE8}") = "4.Apresentação", "4.Apresentação", "{1DF2FAF7-BF5B-455C-B71D-3FCE2CDCAB54}"
EndProject
Project("{2150E333-8FDC-42A3-9474-1A3956D46DE8}") = "5.BancoDeDados", "5.BancoDeDados", "{3CDB5141-DEF6-407F-95A5-9F3A8F5C7485}"
EndProject
Project("{2150E333-8FDC-42A3-9474-1A3956D46DE8}") = "SQL", "SQL", "{AB2752F8-A2A9-4887-ADF3-ED015E9D1D37}"
EndProject
Project("{9A19103F-16F7-4668-BE54-9A1E7A4F7556}") = "LocadoraDeVeículos.Infra.SQL", "LocadoraDeVeículos.Infra.SQL\LocadoraDeVeículos.Infra.SQL.csproj", "{299F6CF5-AF4F-43C8-BB15-3D577387D665}"
EndProject
Project("{9A19103F-16F7-4668-BE54-9A1E7A4F7556}") = "LocadoraDeVeículos.Aplicacao", "LocadoraDeVeículos.Aplicacao\LocadoraDeVeículos.Aplicacao.csproj", "{FCF09A5C-0F24-467A-8952-3D3F415B9BFC}"
EndProject
Project("{2150E333-8FDC-42A3-9474-1A3956D46DE8}") = "Internet", "Internet", "{DE6477FD-0FAE-4C93-B3D4-F053652DFC15}"
EndProject
Project("{9A19103F-16F7-4668-BE54-9A1E7A4F7556}") = "LocadoraDeVeiculos.Infra.Internet", "LocadoraDeVeiculos.Infra.Internet\LocadoraDeVeiculos.Infra.Internet.csproj", "{999C9244-DB19-4EBA-8A03-1B6AC97A3812}"
EndProject
Project("{2150E333-8FDC-42A3-9474-1A3956D46DE8}") = "Arquivos", "Arquivos", "{2466AA90-CC00-4281-B881-C39634301407}"
EndProject
Project("{9A19103F-16F7-4668-BE54-9A1E7A4F7556}") = "LocadoraDeVeiculos.Infra.Arquivos", "LocadoraDeVeiculos.Infra.Arquivos\LocadoraDeVeiculos.Infra.Arquivos.csproj", "{A2C71EFD-8E5B-493D-A8E3-E4EDC62A2F89}"
EndProject
Project("{2150E333-8FDC-42A3-9474-1A3956D46DE8}") = "PDF", "PDF", "{74692AEA-DD5D-4014-A26B-80B3DA56DCB6}"
EndProject
Project("{9A19103F-16F7-4668-BE54-9A1E7A4F7556}") = "LocadoraDeVeículos.Infra.PDF", "LocadoraDeVeículos.Infra.PDF\LocadoraDeVeículos.Infra.PDF.csproj", "{D4317476-02F1-42ED-BB1F-3D9FFB9F3274}"
EndProject
Project("{2150E333-8FDC-42A3-9474-1A3956D46DE8}") = "Configurações", "Configurações", "{6FBBB750-06BA-43FF-A766-4BECF25526A3}"
EndProject
Project("{2150E333-8FDC-42A3-9474-1A3956D46DE8}") = "6.Legacy", "6.Legacy", "{6CEBE912-0ED6-48C0-BDFF-96FAAD7C495A}"
EndProject
Global
	GlobalSection(SolutionConfigurationPlatforms) = preSolution
		Debug|Any CPU = Debug|Any CPU
		Release|Any CPU = Release|Any CPU
	EndGlobalSection
	GlobalSection(ProjectConfigurationPlatforms) = postSolution
		{B0ADD1B9-4269-47CF-B885-D75F4EA446DB}.Debug|Any CPU.ActiveCfg = Debug|Any CPU
		{B0ADD1B9-4269-47CF-B885-D75F4EA446DB}.Debug|Any CPU.Build.0 = Debug|Any CPU
		{B0ADD1B9-4269-47CF-B885-D75F4EA446DB}.Release|Any CPU.ActiveCfg = Release|Any CPU
		{B0ADD1B9-4269-47CF-B885-D75F4EA446DB}.Release|Any CPU.Build.0 = Release|Any CPU
		{66D0C03F-7909-4347-8FC7-D44C961EA3F7}.Debug|Any CPU.ActiveCfg = Debug|Any CPU
		{66D0C03F-7909-4347-8FC7-D44C961EA3F7}.Debug|Any CPU.Build.0 = Debug|Any CPU
		{66D0C03F-7909-4347-8FC7-D44C961EA3F7}.Release|Any CPU.ActiveCfg = Release|Any CPU
		{66D0C03F-7909-4347-8FC7-D44C961EA3F7}.Release|Any CPU.Build.0 = Release|Any CPU
		{6645A77B-2A33-437F-BDFF-12A7E2452220}.Debug|Any CPU.ActiveCfg = Debug|Any CPU
		{6645A77B-2A33-437F-BDFF-12A7E2452220}.Debug|Any CPU.Build.0 = Debug|Any CPU
		{6645A77B-2A33-437F-BDFF-12A7E2452220}.Debug|Any CPU.Deploy.0 = Debug|Any CPU
		{6645A77B-2A33-437F-BDFF-12A7E2452220}.Release|Any CPU.ActiveCfg = Release|Any CPU
		{6645A77B-2A33-437F-BDFF-12A7E2452220}.Release|Any CPU.Build.0 = Release|Any CPU
		{6645A77B-2A33-437F-BDFF-12A7E2452220}.Release|Any CPU.Deploy.0 = Release|Any CPU
		{12F59CD5-527F-4927-B9BD-DC8E91A14269}.Debug|Any CPU.ActiveCfg = Debug|Any CPU
		{12F59CD5-527F-4927-B9BD-DC8E91A14269}.Debug|Any CPU.Build.0 = Debug|Any CPU
		{12F59CD5-527F-4927-B9BD-DC8E91A14269}.Release|Any CPU.ActiveCfg = Release|Any CPU
		{12F59CD5-527F-4927-B9BD-DC8E91A14269}.Release|Any CPU.Build.0 = Release|Any CPU
		{52BFCF8B-CA1D-468D-8450-BEFBC59BEFE1}.Debug|Any CPU.ActiveCfg = Debug|Any CPU
		{52BFCF8B-CA1D-468D-8450-BEFBC59BEFE1}.Debug|Any CPU.Build.0 = Debug|Any CPU
		{52BFCF8B-CA1D-468D-8450-BEFBC59BEFE1}.Release|Any CPU.ActiveCfg = Release|Any CPU
		{52BFCF8B-CA1D-468D-8450-BEFBC59BEFE1}.Release|Any CPU.Build.0 = Release|Any CPU
		{88C65592-BD1C-4FF2-AE32-37C3F434EDB1}.Debug|Any CPU.ActiveCfg = Debug|Any CPU
		{88C65592-BD1C-4FF2-AE32-37C3F434EDB1}.Debug|Any CPU.Build.0 = Debug|Any CPU
		{88C65592-BD1C-4FF2-AE32-37C3F434EDB1}.Release|Any CPU.ActiveCfg = Release|Any CPU
		{88C65592-BD1C-4FF2-AE32-37C3F434EDB1}.Release|Any CPU.Build.0 = Release|Any CPU
		{88A4467A-1232-4CEE-9ED0-8EE93CCB76E1}.Debug|Any CPU.ActiveCfg = Debug|Any CPU
		{88A4467A-1232-4CEE-9ED0-8EE93CCB76E1}.Debug|Any CPU.Build.0 = Debug|Any CPU
		{88A4467A-1232-4CEE-9ED0-8EE93CCB76E1}.Release|Any CPU.ActiveCfg = Release|Any CPU
		{88A4467A-1232-4CEE-9ED0-8EE93CCB76E1}.Release|Any CPU.Build.0 = Release|Any CPU
		{299F6CF5-AF4F-43C8-BB15-3D577387D665}.Debug|Any CPU.ActiveCfg = Debug|Any CPU
		{299F6CF5-AF4F-43C8-BB15-3D577387D665}.Debug|Any CPU.Build.0 = Debug|Any CPU
		{299F6CF5-AF4F-43C8-BB15-3D577387D665}.Release|Any CPU.ActiveCfg = Release|Any CPU
		{299F6CF5-AF4F-43C8-BB15-3D577387D665}.Release|Any CPU.Build.0 = Release|Any CPU
		{FCF09A5C-0F24-467A-8952-3D3F415B9BFC}.Debug|Any CPU.ActiveCfg = Debug|Any CPU
		{FCF09A5C-0F24-467A-8952-3D3F415B9BFC}.Debug|Any CPU.Build.0 = Debug|Any CPU
		{FCF09A5C-0F24-467A-8952-3D3F415B9BFC}.Release|Any CPU.ActiveCfg = Release|Any CPU
		{FCF09A5C-0F24-467A-8952-3D3F415B9BFC}.Release|Any CPU.Build.0 = Release|Any CPU
		{999C9244-DB19-4EBA-8A03-1B6AC97A3812}.Debug|Any CPU.ActiveCfg = Debug|Any CPU
		{999C9244-DB19-4EBA-8A03-1B6AC97A3812}.Debug|Any CPU.Build.0 = Debug|Any CPU
		{999C9244-DB19-4EBA-8A03-1B6AC97A3812}.Release|Any CPU.ActiveCfg = Release|Any CPU
		{999C9244-DB19-4EBA-8A03-1B6AC97A3812}.Release|Any CPU.Build.0 = Release|Any CPU
		{A2C71EFD-8E5B-493D-A8E3-E4EDC62A2F89}.Debug|Any CPU.ActiveCfg = Debug|Any CPU
		{A2C71EFD-8E5B-493D-A8E3-E4EDC62A2F89}.Debug|Any CPU.Build.0 = Debug|Any CPU
		{A2C71EFD-8E5B-493D-A8E3-E4EDC62A2F89}.Release|Any CPU.ActiveCfg = Release|Any CPU
		{A2C71EFD-8E5B-493D-A8E3-E4EDC62A2F89}.Release|Any CPU.Build.0 = Release|Any CPU
		{D4317476-02F1-42ED-BB1F-3D9FFB9F3274}.Debug|Any CPU.ActiveCfg = Debug|Any CPU
		{D4317476-02F1-42ED-BB1F-3D9FFB9F3274}.Debug|Any CPU.Build.0 = Debug|Any CPU
		{D4317476-02F1-42ED-BB1F-3D9FFB9F3274}.Release|Any CPU.ActiveCfg = Release|Any CPU
		{D4317476-02F1-42ED-BB1F-3D9FFB9F3274}.Release|Any CPU.Build.0 = Release|Any CPU
	EndGlobalSection
	GlobalSection(SolutionProperties) = preSolution
		HideSolutionNode = FALSE
	EndGlobalSection
	GlobalSection(NestedProjects) = preSolution
		{B0ADD1B9-4269-47CF-B885-D75F4EA446DB} = {0B6E14EC-C6E7-4A2F-B221-2E4F321992E4}
		{66D0C03F-7909-4347-8FC7-D44C961EA3F7} = {1DF2FAF7-BF5B-455C-B71D-3FCE2CDCAB54}
		{6645A77B-2A33-437F-BDFF-12A7E2452220} = {3CDB5141-DEF6-407F-95A5-9F3A8F5C7485}
		{12F59CD5-527F-4927-B9BD-DC8E91A14269} = {6FBBB750-06BA-43FF-A766-4BECF25526A3}
		{52BFCF8B-CA1D-468D-8450-BEFBC59BEFE1} = {6CEBE912-0ED6-48C0-BDFF-96FAAD7C495A}
		{88C65592-BD1C-4FF2-AE32-37C3F434EDB1} = {431E4BAE-D38B-4990-B29C-02D6E7967F7D}
		{88A4467A-1232-4CEE-9ED0-8EE93CCB76E1} = {6CEBE912-0ED6-48C0-BDFF-96FAAD7C495A}
		{431E4BAE-D38B-4990-B29C-02D6E7967F7D} = {C90BC848-DC4F-45A1-9E6D-EBBBC1C6C859}
		{BD366EFA-0366-4691-A8C1-606FE1D3AD80} = {C90BC848-DC4F-45A1-9E6D-EBBBC1C6C859}
		{4D8ED3DD-2506-4CFA-BBAD-11276508C281} = {C90BC848-DC4F-45A1-9E6D-EBBBC1C6C859}
		{1DF2FAF7-BF5B-455C-B71D-3FCE2CDCAB54} = {C90BC848-DC4F-45A1-9E6D-EBBBC1C6C859}
		{3CDB5141-DEF6-407F-95A5-9F3A8F5C7485} = {C90BC848-DC4F-45A1-9E6D-EBBBC1C6C859}
		{AB2752F8-A2A9-4887-ADF3-ED015E9D1D37} = {BD366EFA-0366-4691-A8C1-606FE1D3AD80}
		{299F6CF5-AF4F-43C8-BB15-3D577387D665} = {AB2752F8-A2A9-4887-ADF3-ED015E9D1D37}
		{FCF09A5C-0F24-467A-8952-3D3F415B9BFC} = {4D8ED3DD-2506-4CFA-BBAD-11276508C281}
		{DE6477FD-0FAE-4C93-B3D4-F053652DFC15} = {BD366EFA-0366-4691-A8C1-606FE1D3AD80}
		{999C9244-DB19-4EBA-8A03-1B6AC97A3812} = {DE6477FD-0FAE-4C93-B3D4-F053652DFC15}
		{2466AA90-CC00-4281-B881-C39634301407} = {BD366EFA-0366-4691-A8C1-606FE1D3AD80}
		{A2C71EFD-8E5B-493D-A8E3-E4EDC62A2F89} = {2466AA90-CC00-4281-B881-C39634301407}
		{74692AEA-DD5D-4014-A26B-80B3DA56DCB6} = {BD366EFA-0366-4691-A8C1-606FE1D3AD80}
		{D4317476-02F1-42ED-BB1F-3D9FFB9F3274} = {74692AEA-DD5D-4014-A26B-80B3DA56DCB6}
		{6FBBB750-06BA-43FF-A766-4BECF25526A3} = {BD366EFA-0366-4691-A8C1-606FE1D3AD80}
		{6CEBE912-0ED6-48C0-BDFF-96FAAD7C495A} = {C90BC848-DC4F-45A1-9E6D-EBBBC1C6C859}
	EndGlobalSection
	GlobalSection(ExtensibilityGlobals) = postSolution
		SolutionGuid = {538C4B65-C2C0-4534-8747-0B006E3B7EF1}
	EndGlobalSection
EndGlobal
